{
  "name": "@guilhermedeandrade/prettier-config",
  "version": "1.0.0",
  "lockfileVersion": 2,
  "requires": true,
  "packages": {
    "": {
      "name": "@guilhermedeandrade/prettier-config",
      "version": "1.0.0",
      "license": "MIT",
      "dependencies": {
        "prettier-plugin-multiline-arrays": "^1.1.2"
      }
    },
    "node_modules/@augment-vir/common": {
      "version": "6.1.6",
      "resolved": "https://registry.npmjs.org/@augment-vir/common/-/common-6.1.6.tgz",
      "integrity": "sha512-jFK6EKycyfI3gnkLyZ4FxDzPbysUWDqT1IfHatCFbJI/wd4XmvQx/SdxpmBklchdeP0Q2+GIdtsqYIvWpcN1xw==",
      "dependencies": {
        "type-fest": "^3.4.0"
      }
    },
    "node_modules/prettier-plugin-multiline-arrays": {
      "version": "1.1.2",
      "resolved": "https://registry.npmjs.org/prettier-plugin-multiline-arrays/-/prettier-plugin-multiline-arrays-1.1.2.tgz",
      "integrity": "sha512-5gp7cMvwdUJB10dPU5DuYkWmqNluvtxft68Nc2D3+Q7+B2VB1eHx4UnfiILU/8heZCIH2RMvfHefg4N599LrLg==",
      "dependencies": {
        "@augment-vir/common": "^6.1.5"
      }
    },
    "node_modules/type-fest": {
      "version": "3.4.0",
      "resolved": "https://registry.npmjs.org/type-fest/-/type-fest-3.4.0.tgz",
      "integrity": "sha512-PEPg6RHlB9cFwoTMNENNrQFL0cXX04voWr2UPwQBJ3pVs7Mt8Y1oLWdUeMdGEwZE8HFFlujq8gS9enmyiQ8pLg==",
      "engines": {
        "node": ">=14.16"
      },
      "funding": {
        "url": "https://github.com/sponsors/sindresorhus"
      }
    }
  },
  "dependencies": {
    "@augment-vir/common": {
      "version": "6.1.6",
      "resolved": "https://registry.npmjs.org/@augment-vir/common/-/common-6.1.6.tgz",
      "integrity": "sha512-jFK6EKycyfI3gnkLyZ4FxDzPbysUWDqT1IfHatCFbJI/wd4XmvQx/SdxpmBklchdeP0Q2+GIdtsqYIvWpcN1xw==",
      "requires": {
        "type-fest": "^3.4.0"
      }
    },
    "prettier-plugin-multiline-arrays": {
      "version": "1.1.2",
      "resolved": "https://registry.npmjs.org/prettier-plugin-multiline-arrays/-/prettier-plugin-multiline-arrays-1.1.2.tgz",
      "integrity": "sha512-5gp7cMvwdUJB10dPU5DuYkWmqNluvtxft68Nc2D3+Q7+B2VB1eHx4UnfiILU/8heZCIH2RMvfHefg4N599LrLg==",
      "requires": {
        "@augment-vir/common": "^6.1.5"
      }
    },
    "type-fest": {
      "version": "3.4.0",
      "resolved": "https://registry.npmjs.org/type-fest/-/type-fest-3.4.0.tgz",
      "integrity": "sha512-PEPg6RHlB9cFwoTMNENNrQFL0cXX04voWr2UPwQBJ3pVs7Mt8Y1oLWdUeMdGEwZE8HFFlujq8gS9enmyiQ8pLg=="
    }
  }
}
